
Microsoft Visual Studio Solution File, Format Version 12.00
# Visual Studio 15
VisualStudioVersion = 15.0.28010.2026
MinimumVisualStudioVersion = 10.0.40219.1
Project("{FAE04EC0-301F-11D3-BF4B-00C04F79EFBC}") = "FinallATM", "FinallATM\FinallATM.csproj", "{9252DCE7-649E-42B4-BF12-F87B16833E58}"
EndProject
Project("{FAE04EC0-301F-11D3-BF4B-00C04F79EFBC}") = "Information.BussinesLogic", "Information.BussinesLogic\Information.BussinesLogic.csproj", "{BDBA5FC4-1DB6-4963-A8E6-05332E72BD41}"
EndProject
Global
	GlobalSection(SolutionConfigurationPlatforms) = preSolution
		Debug|Any CPU = Debug|Any CPU
		Release|Any CPU = Release|Any CPU
	EndGlobalSection
	GlobalSection(ProjectConfigurationPlatforms) = postSolution
		{9252DCE7-649E-42B4-BF12-F87B16833E58}.Debug|Any CPU.ActiveCfg = Debug|Any CPU
		{9252DCE7-649E-42B4-BF12-F87B16833E58}.Debug|Any CPU.Build.0 = Debug|Any CPU
		{9252DCE7-649E-42B4-BF12-F87B16833E58}.Release|Any CPU.ActiveCfg = Release|Any CPU
		{9252DCE7-649E-42B4-BF12-F87B16833E58}.Release|Any CPU.Build.0 = Release|Any CPU
		{BDBA5FC4-1DB6-4963-A8E6-05332E72BD41}.Debug|Any CPU.ActiveCfg = Debug|Any CPU
		{BDBA5FC4-1DB6-4963-A8E6-05332E72BD41}.Debug|Any CPU.Build.0 = Debug|Any CPU
		{BDBA5FC4-1DB6-4963-A8E6-05332E72BD41}.Release|Any CPU.ActiveCfg = Release|Any CPU
		{BDBA5FC4-1DB6-4963-A8E6-05332E72BD41}.Release|Any CPU.Build.0 = Release|Any CPU
	EndGlobalSection
	GlobalSection(SolutionProperties) = preSolution
		HideSolutionNode = FALSE
	EndGlobalSection
	GlobalSection(ExtensibilityGlobals) = postSolution
		SolutionGuid = {72DFCE93-FCC1-44E5-B121-750D4428E734}
	EndGlobalSection
EndGlobal
